// !$*UTF8*$!
{
	archiveVersion = 1;
	classes = {
	};
	objectVersion = 56;
	objects = {

/* Begin PBXBuildFile section */
		084F85C23030D63A0075F18B /* GoogleService-Info.plist in Resources */ = {isa = PBXBuildFile; fileRef = 084F85C13030D63A0075F18B /* GoogleService-Info.plist */; };
		844BA78B2B9A4843008F48DB /* AppDelegate.swift in Sources */ = {isa = PBXBuildFile; fileRef = 844BA78A2B9A4843008F48DB /* AppDelegate.swift */; };
		844BA7942B9A4844008F48DB /* Assets.xcassets in Resources */ = {isa = PBXBuildFile; fileRef = 844BA7932B9A4844008F48DB /* Assets.xcassets */; };
		844BA7972B9A4844008F48DB /* Base in Resources */ = {isa = PBXBuildFile; fileRef = 844BA7962B9A4844008F48DB /* Base */; };
		844BA7B02B9A488A008F48DB /* SceneController.swift in Sources */ = {isa = PBXBuildFile; fileRef = 844BA7A22B9A4889008F48DB /* SceneController.swift */; };
		844BA7B82B9A488A008F48DB /* AppEnvironment.swift in Sources */ = {isa = PBXBuildFile; fileRef = 844BA7AD2B9A488A008F48DB /* AppEnvironment.swift */; };
		844BA7B92B9A488A008F48DB /* path-configuration.json in Resources */ = {isa = PBXBuildFile; fileRef = 844BA7AE2B9A488A008F48DB /* path-configuration.json */; };
		848E12212BD813CA009BB0A4 /* HotwireNative in Frameworks */ = {isa = PBXBuildFile; productRef = 848E12202BD813CA009BB0A4 /* HotwireNative */; };
		D00000000000000000000002 /* AppSettingsViewController.swift in Sources */ = {isa = PBXBuildFile; fileRef = C00000000000000000000002 /* AppSettingsViewController.swift */; };
		D00000000000000000000005 /* AppTabs.swift in Sources */ = {isa = PBXBuildFile; fileRef = C0000000000000000000000B /* AppTabs.swift */; };
		D00000000000000000000006 /* AppTheme.swift in Sources */ = {isa = PBXBuildFile; fileRef = C0000000000000000000000C /* AppTheme.swift */; };
		D00000000000000000000007 /* AppWebViewController.swift in Sources */ = {isa = PBXBuildFile; fileRef = C0000000000000000000000D /* AppWebViewController.swift */; };
		D00000000000000000000008 /* ServerTheme.swift in Sources */ = {isa = PBXBuildFile; fileRef = C0000000000000000000000E /* ServerTheme.swift */; };
		D00000000000000000000009 /* ThemeBridgeComponent.swift in Sources */ = {isa = PBXBuildFile; fileRef = C0000000000000000000000F /* ThemeBridgeComponent.swift */; };
		D0000000000000000000000A /* NavigatorThemeInvalidator.swift in Sources */ = {isa = PBXBuildFile; fileRef = C00000000000000000000010 /* NavigatorThemeInvalidator.swift */; };
		D0000000000000000000000B /* PushNotificationManager.swift in Sources */ = {isa = PBXBuildFile; fileRef = C00000000000000000000012 /* PushNotificationManager.swift */; };
		D0000000000000000000000C /* PushNotificationBridgeComponent.swift in Sources */ = {isa = PBXBuildFile; fileRef = C00000000000000000000013 /* PushNotificationBridgeComponent.swift */; };
		D0000000000000000000000D /* FirebaseCore in Frameworks */ = {isa = PBXBuildFile; productRef = D00000000000000000000011 /* FirebaseCore */; };
		D0000000000000000000000E /* FirebaseInstallations in Frameworks */ = {isa = PBXBuildFile; productRef = D00000000000000000000012 /* FirebaseInstallations */; };
		D0000000000000000000000F /* FirebaseMessaging in Frameworks */ = {isa = PBXBuildFile; productRef = D00000000000000000000013 /* FirebaseMessaging */; };
/* End PBXBuildFile section */

/* Begin PBXFileReference section */
		084F85C13030D63A0075F18B /* GoogleService-Info.plist */ = {isa = PBXFileReference; lastKnownFileType = text.plist.xml; path = "GoogleService-Info.plist"; sourceTree = "<group>"; };
		844BA7872B9A4843008F48DB /* Console.app */ = {isa = PBXFileReference; explicitFileType = wrapper.application; includeInIndex = 0; path = Console.app; sourceTree = BUILT_PRODUCTS_DIR; };
		844BA78A2B9A4843008F48DB /* AppDelegate.swift */ = {isa = PBXFileReference; lastKnownFileType = sourcecode.swift; path = AppDelegate.swift; sourceTree = "<group>"; };
		844BA7932B9A4844008F48DB /* Assets.xcassets */ = {isa = PBXFileReference; lastKnownFileType = folder.assetcatalog; path = Assets.xcassets; sourceTree = "<group>"; };
		844BA7962B9A4844008F48DB /* Base */ = {isa = PBXFileReference; lastKnownFileType = file.storyboard; name = Base; path = Base.lproj/LaunchScreen.storyboard; sourceTree = "<group>"; };
		844BA7982B9A4844008F48DB /* Info.plist */ = {isa = PBXFileReference; lastKnownFileType = text.plist.xml; path = Info.plist; sourceTree = "<group>"; };
		844BA7A22B9A4889008F48DB /* SceneController.swift */ = {isa = PBXFileReference; fileEncoding = 4; lastKnownFileType = sourcecode.swift; path = SceneController.swift; sourceTree = "<group>"; };
		844BA7AD2B9A488A008F48DB /* AppEnvironment.swift */ = {isa = PBXFileReference; fileEncoding = 4; lastKnownFileType = sourcecode.swift; path = AppEnvironment.swift; sourceTree = "<group>"; };
		844BA7AE2B9A488A008F48DB /* path-configuration.json */ = {isa = PBXFileReference; fileEncoding = 4; lastKnownFileType = text.json; path = "path-configuration.json"; sourceTree = "<group>"; };
		C00000000000000000000002 /* AppSettingsViewController.swift */ = {isa = PBXFileReference; lastKnownFileType = sourcecode.swift; path = AppSettingsViewController.swift; sourceTree = "<group>"; };
		C00000000000000000000005 /* Base.xcconfig */ = {isa = PBXFileReference; lastKnownFileType = text.xcconfig; path = Base.xcconfig; sourceTree = "<group>"; };
		C00000000000000000000006 /* Debug.xcconfig */ = {isa = PBXFileReference; lastKnownFileType = text.xcconfig; path = Debug.xcconfig; sourceTree = "<group>"; };
		C00000000000000000000007 /* Release.xcconfig */ = {isa = PBXFileReference; lastKnownFileType = text.xcconfig; path = Release.xcconfig; sourceTree = "<group>"; };
		C0000000000000000000000B /* AppTabs.swift */ = {isa = PBXFileReference; lastKnownFileType = sourcecode.swift; path = AppTabs.swift; sourceTree = "<group>"; };
		C0000000000000000000000C /* AppTheme.swift */ = {isa = PBXFileReference; lastKnownFileType = sourcecode.swift; path = AppTheme.swift; sourceTree = "<group>"; };
		C0000000000000000000000D /* AppWebViewController.swift */ = {isa = PBXFileReference; lastKnownFileType = sourcecode.swift; path = AppWebViewController.swift; sourceTree = "<group>"; };
		C0000000000000000000000E /* ServerTheme.swift */ = {isa = PBXFileReference; lastKnownFileType = sourcecode.swift; path = ServerTheme.swift; sourceTree = "<group>"; };
		C0000000000000000000000F /* ThemeBridgeComponent.swift */ = {isa = PBXFileReference; lastKnownFileType = sourcecode.swift; path = ThemeBridgeComponent.swift; sourceTree = "<group>"; };
		C00000000000000000000010 /* NavigatorThemeInvalidator.swift */ = {isa = PBXFileReference; lastKnownFileType = sourcecode.swift; path = NavigatorThemeInvalidator.swift; sourceTree = "<group>"; };
		C00000000000000000000012 /* PushNotificationManager.swift */ = {isa = PBXFileReference; lastKnownFileType = sourcecode.swift; path = PushNotificationManager.swift; sourceTree = "<group>"; };
		C00000000000000000000013 /* PushNotificationBridgeComponent.swift */ = {isa = PBXFileReference; lastKnownFileType = sourcecode.swift; path = PushNotificationBridgeComponent.swift; sourceTree = "<group>"; };
		C00000000000000000000014 /* Console.entitlements */ = {isa = PBXFileReference; lastKnownFileType = text.plist.entitlements; path = Console.entitlements; sourceTree = "<group>"; };
/* End PBXFileReference section */

/* Begin PBXFrameworksBuildPhase section */
		844BA7842B9A4843008F48DB /* Frameworks */ = {
			isa = PBXFrameworksBuildPhase;
			buildActionMask = 2147483647;
			files = (
				848E12212BD813CA009BB0A4 /* HotwireNative in Frameworks */,
				D0000000000000000000000D /* FirebaseCore in Frameworks */,
				D0000000000000000000000E /* FirebaseInstallations in Frameworks */,
				D0000000000000000000000F /* FirebaseMessaging in Frameworks */,
			);
			runOnlyForDeploymentPostprocessing = 0;
		};
/* End PBXFrameworksBuildPhase section */

/* Begin PBXGroup section */
		844BA77E2B9A4843008F48DB = {
			isa = PBXGroup;
			children = (
				844BA7892B9A4843008F48DB /* Console */,
				844BA7882B9A4843008F48DB /* Products */,
				8458F3EC2BD8135600867B66 /* Frameworks */,
			);
			sourceTree = "<group>";
		};
		844BA7882B9A4843008F48DB /* Products */ = {
			isa = PBXGroup;
			children = (
				844BA7872B9A4843008F48DB /* Console.app */,
			);
			name = Products;
			sourceTree = "<group>";
		};
		844BA7892B9A4843008F48DB /* Console */ = {
			isa = PBXGroup;
			children = (
				C00000000000000000000008 /* Configuration */,
				C00000000000000000000009 /* Resources */,
				C00000000000000000000011 /* Theme */,
				C00000000000000000000015 /* Push */,
				844BA7A22B9A4889008F48DB /* SceneController.swift */,
				844BA78A2B9A4843008F48DB /* AppDelegate.swift */,
				C00000000000000000000002 /* AppSettingsViewController.swift */,
				C0000000000000000000000B /* AppTabs.swift */,
				C0000000000000000000000D /* AppWebViewController.swift */,
				844BA7982B9A4844008F48DB /* Info.plist */,
				C00000000000000000000014 /* Console.entitlements */,
				844BA7932B9A4844008F48DB /* Assets.xcassets */,
				844BA7952B9A4844008F48DB /* LaunchScreen.storyboard */,
				084F85C13030D63A0075F18B /* GoogleService-Info.plist */,
			);
			path = Console;
			sourceTree = "<group>";
		};
		8458F3EC2BD8135600867B66 /* Frameworks */ = {
			isa = PBXGroup;
			children = (
			);
			name = Frameworks;
			sourceTree = "<group>";
		};
		C00000000000000000000008 /* Configuration */ = {
			isa = PBXGroup;
			children = (
				844BA7AD2B9A488A008F48DB /* AppEnvironment.swift */,
				C00000000000000000000005 /* Base.xcconfig */,
				C00000000000000000000006 /* Debug.xcconfig */,
				C00000000000000000000007 /* Release.xcconfig */,
			);
			path = Configuration;
			sourceTree = "<group>";
		};
		C00000000000000000000009 /* Resources */ = {
			isa = PBXGroup;
			children = (
				844BA7AE2B9A488A008F48DB /* path-configuration.json */,
			);
			path = Resources;
			sourceTree = "<group>";
		};
		C00000000000000000000011 /* Theme */ = {
			isa = PBXGroup;
			children = (
				C0000000000000000000000C /* AppTheme.swift */,
				C0000000000000000000000E /* ServerTheme.swift */,
				C0000000000000000000000F /* ThemeBridgeComponent.swift */,
				C00000000000000000000010 /* NavigatorThemeInvalidator.swift */,
			);
			path = Theme;
			sourceTree = "<group>";
		};
		C00000000000000000000015 /* Push */ = {
			isa = PBXGroup;
			children = (
				C00000000000000000000012 /* PushNotificationManager.swift */,
				C00000000000000000000013 /* PushNotificationBridgeComponent.swift */,
			);
			path = Push;
			sourceTree = "<group>";
		};
/* End PBXGroup section */

/* Begin PBXNativeTarget section */
		844BA7862B9A4843008F48DB /* Console */ = {
			isa = PBXNativeTarget;
			buildConfigurationList = 844BA79B2B9A4844008F48DB /* Build configuration list for PBXNativeTarget "Console" */;
			buildPhases = (
				844BA7832B9A4843008F48DB /* Sources */,
				844BA7842B9A4843008F48DB /* Frameworks */,
				844BA7852B9A4843008F48DB /* Resources */,
			);
			buildRules = (
			);
			dependencies = (
			);
			name = Console;
			packageProductDependencies = (
				848E12202BD813CA009BB0A4 /* HotwireNative */,
				D00000000000000000000011 /* FirebaseCore */,
				D00000000000000000000012 /* FirebaseInstallations */,
				D00000000000000000000013 /* FirebaseMessaging */,
			);
			productName = Console;
			productReference = 844BA7872B9A4843008F48DB /* Console.app */;
			productType = "com.apple.product-type.application";
		};
/* End PBXNativeTarget section */

/* Begin PBXProject section */
		844BA77F2B9A4843008F48DB /* Project object */ = {
			isa = PBXProject;
			attributes = {
				BuildIndependentTargetsInParallel = 1;
				LastSwiftUpdateCheck = 1530;
				LastUpgradeCheck = 1530;
				TargetAttributes = {
					844BA7862B9A4843008F48DB = {
						CreatedOnToolsVersion = 15.3;
						SystemCapabilities = {
							com.apple.Push = {
								enabled = 1;
							};
						};
					};
				};
			};
			buildConfigurationList = 844BA7822B9A4843008F48DB /* Build configuration list for PBXProject "Console" */;
			compatibilityVersion = "Xcode 14.0";
			developmentRegion = en;
			hasScannedForEncodings = 0;
			knownRegions = (
				en,
				Base,
			);
			mainGroup = 844BA77E2B9A4843008F48DB;
			packageReferences = (
				C0000000000000000000000A /* XCRemoteSwiftPackageReference "hotwire-native-ios" */,
				D00000000000000000000010 /* XCRemoteSwiftPackageReference "firebase-ios-sdk" */,
			);
			productRefGroup = 844BA7882B9A4843008F48DB /* Products */;
			projectDirPath = "";
			projectRoot = "";
			targets = (
				844BA7862B9A4843008F48DB /* Console */,
			);
		};
/* End PBXProject section */

/* Begin PBXResourcesBuildPhase section */
		844BA7852B9A4843008F48DB /* Resources */ = {
			isa = PBXResourcesBuildPhase;
			buildActionMask = 2147483647;
			files = (
				844BA7942B9A4844008F48DB /* Assets.xcassets in Resources */,
				084F85C23030D63A0075F18B /* GoogleService-Info.plist in Resources */,
				844BA7B92B9A488A008F48DB /* path-configuration.json in Resources */,
				844BA7972B9A4844008F48DB /* Base in Resources */,
			);
			runOnlyForDeploymentPostprocessing = 0;
		};
/* End PBXResourcesBuildPhase section */

/* Begin PBXSourcesBuildPhase section */
		844BA7832B9A4843008F48DB /* Sources */ = {
			isa = PBXSourcesBuildPhase;
			buildActionMask = 2147483647;
			files = (
				844BA7B82B9A488A008F48DB /* AppEnvironment.swift in Sources */,
				844BA78B2B9A4843008F48DB /* AppDelegate.swift in Sources */,
				844BA7B02B9A488A008F48DB /* SceneController.swift in Sources */,
				D00000000000000000000002 /* AppSettingsViewController.swift in Sources */,
				D00000000000000000000005 /* AppTabs.swift in Sources */,
				D00000000000000000000006 /* AppTheme.swift in Sources */,
				D00000000000000000000007 /* AppWebViewController.swift in Sources */,
				D00000000000000000000008 /* ServerTheme.swift in Sources */,
				D00000000000000000000009 /* ThemeBridgeComponent.swift in Sources */,
				D0000000000000000000000A /* NavigatorThemeInvalidator.swift in Sources */,
				D0000000000000000000000B /* PushNotificationManager.swift in Sources */,
				D0000000000000000000000C /* PushNotificationBridgeComponent.swift in Sources */,
			);
			runOnlyForDeploymentPostprocessing = 0;
		};
/* End PBXSourcesBuildPhase section */

/* Begin PBXVariantGroup section */
		844BA7952B9A4844008F48DB /* LaunchScreen.storyboard */ = {
			isa = PBXVariantGroup;
			children = (
				844BA7962B9A4844008F48DB /* Base */,
			);
			name = LaunchScreen.storyboard;
			sourceTree = "<group>";
		};
/* End PBXVariantGroup section */

/* Begin XCBuildConfiguration section */
		844BA7992B9A4844008F48DB /* Debug */ = {
			isa = XCBuildConfiguration;
			buildSettings = {
				ALWAYS_SEARCH_USER_PATHS = NO;
				ASSETCATALOG_COMPILER_GENERATE_SWIFT_ASSET_SYMBOL_EXTENSIONS = YES;
				CLANG_ANALYZER_NONNULL = YES;
				CLANG_ANALYZER_NUMBER_OBJECT_CONVERSION = YES_AGGRESSIVE;
				CLANG_CXX_LANGUAGE_STANDARD = "gnu++20";
				CLANG_ENABLE_MODULES = YES;
				CLANG_ENABLE_OBJC_ARC = YES;
				CLANG_ENABLE_OBJC_WEAK = YES;
				CLANG_WARN_BLOCK_CAPTURE_AUTORELEASING = YES;
				CLANG_WARN_BOOL_CONVERSION = YES;
				CLANG_WARN_COMMA = YES;
				CLANG_WARN_CONSTANT_CONVERSION = YES;
				CLANG_WARN_DEPRECATED_OBJC_IMPLEMENTATIONS = YES;
				CLANG_WARN_DIRECT_OBJC_ISA_USAGE = YES_ERROR;
				CLANG_WARN_DOCUMENTATION_COMMENTS = YES;
				CLANG_WARN_EMPTY_BODY = YES;
				CLANG_WARN_ENUM_CONVERSION = YES;
				CLANG_WARN_INFINITE_RECURSION = YES;
				CLANG_WARN_INT_CONVERSION = YES;
				CLANG_WARN_NON_LITERAL_NULL_CONVERSION = YES;
				CLANG_WARN_OBJC_IMPLICIT_RETAIN_SELF = YES;
				CLANG_WARN_OBJC_LITERAL_CONVERSION = YES;
				CLANG_WARN_OBJC_ROOT_CLASS = YES_ERROR;
				CLANG_WARN_QUOTED_INCLUDE_IN_FRAMEWORK_HEADER = YES;
				CLANG_WARN_RANGE_LOOP_ANALYSIS = YES;
				CLANG_WARN_STRICT_PROTOTYPES = YES;
				CLANG_WARN_SUSPICIOUS_MOVE = YES;
				CLANG_WARN_UNGUARDED_AVAILABILITY = YES_AGGRESSIVE;
				CLANG_WARN_UNREACHABLE_CODE = YES;
				CLANG_WARN__DUPLICATE_METHOD_MATCH = YES;
				COPY_PHASE_STRIP = NO;
				DEBUG_INFORMATION_FORMAT = dwarf;
				ENABLE_STRICT_OBJC_MSGSEND = YES;
				ENABLE_TESTABILITY = YES;
				ENABLE_USER_SCRIPT_SANDBOXING = YES;
				GCC_C_LANGUAGE_STANDARD = gnu17;
				GCC_DYNAMIC_NO_PIC = NO;
				GCC_NO_COMMON_BLOCKS = YES;
				GCC_OPTIMIZATION_LEVEL = 0;
				GCC_PREPROCESSOR_DEFINITIONS = (
					"DEBUG=1",
					"$(inherited)",
				);
				GCC_WARN_64_TO_32_BIT_CONVERSION = YES;
				GCC_WARN_ABOUT_RETURN_TYPE = YES_ERROR;
				GCC_WARN_UNDECLARED_SELECTOR = YES;
				GCC_WARN_UNINITIALIZED_AUTOS = YES_AGGRESSIVE;
				GCC_WARN_UNUSED_FUNCTION = YES;
				GCC_WARN_UNUSED_VARIABLE = YES;
				IPHONEOS_DEPLOYMENT_TARGET = 15.0;
				LOCALIZATION_PREFERS_STRING_CATALOGS = YES;
				MTL_ENABLE_DEBUG_INFO = INCLUDE_SOURCE;
				MTL_FAST_MATH = YES;
				ONLY_ACTIVE_ARCH = YES;
				SDKROOT = iphoneos;
				SWIFT_ACTIVE_COMPILATION_CONDITIONS = "DEBUG $(inherited)";
				SWIFT_OPTIMIZATION_LEVEL = "-Onone";
			};
			name = Debug;
		};
		844BA79A2B9A4844008F48DB /* Release */ = {
			isa = XCBuildConfiguration;
			buildSettings = {
				ALWAYS_SEARCH_USER_PATHS = NO;
				ASSETCATALOG_COMPILER_GENERATE_SWIFT_ASSET_SYMBOL_EXTENSIONS = YES;
				CLANG_ANALYZER_NONNULL = YES;
				CLANG_ANALYZER_NUMBER_OBJECT_CONVERSION = YES_AGGRESSIVE;
				CLANG_CXX_LANGUAGE_STANDARD = "gnu++20";
				CLANG_ENABLE_MODULES = YES;
				CLANG_ENABLE_OBJC_ARC = YES;
				CLANG_ENABLE_OBJC_WEAK = YES;
				CLANG_WARN_BLOCK_CAPTURE_AUTORELEASING = YES;
				CLANG_WARN_BOOL_CONVERSION = YES;
				CLANG_WARN_COMMA = YES;
				CLANG_WARN_CONSTANT_CONVERSION = YES;
				CLANG_WARN_DEPRECATED_OBJC_IMPLEMENTATIONS = YES;
				CLANG_WARN_DIRECT_OBJC_ISA_USAGE = YES_ERROR;
				CLANG_WARN_DOCUMENTATION_COMMENTS = YES;
				CLANG_WARN_EMPTY_BODY = YES;
				CLANG_WARN_ENUM_CONVERSION = YES;
				CLANG_WARN_INFINITE_RECURSION = YES;
				CLANG_WARN_INT_CONVERSION = YES;
				CLANG_WARN_NON_LITERAL_NULL_CONVERSION = YES;
				CLANG_WARN_OBJC_IMPLICIT_RETAIN_SELF = YES;
				CLANG_WARN_OBJC_LITERAL_CONVERSION = YES;
				CLANG_WARN_OBJC_ROOT_CLASS = YES_ERROR;
				CLANG_WARN_QUOTED_INCLUDE_IN_FRAMEWORK_HEADER = YES;
				CLANG_WARN_RANGE_LOOP_ANALYSIS = YES;
				CLANG_WARN_STRICT_PROTOTYPES = YES;
				CLANG_WARN_SUSPICIOUS_MOVE = YES;
				CLANG_WARN_UNGUARDED_AVAILABILITY = YES_AGGRESSIVE;
				CLANG_WARN_UNREACHABLE_CODE = YES;
				CLANG_WARN__DUPLICATE_METHOD_MATCH = YES;
				COPY_PHASE_STRIP = NO;
				DEBUG_INFORMATION_FORMAT = "dwarf-with-dsym";
				ENABLE_NS_ASSERTIONS = NO;
				ENABLE_STRICT_OBJC_MSGSEND = YES;
				ENABLE_USER_SCRIPT_SANDBOXING = YES;
				GCC_C_LANGUAGE_STANDARD = gnu17;
				GCC_NO_COMMON_BLOCKS = YES;
				GCC_WARN_64_TO_32_BIT_CONVERSION = YES;
				GCC_WARN_ABOUT_RETURN_TYPE = YES_ERROR;
				GCC_WARN_UNDECLARED_SELECTOR = YES;
				GCC_WARN_UNINITIALIZED_AUTOS = YES_AGGRESSIVE;
				GCC_WARN_UNUSED_FUNCTION = YES;
				GCC_WARN_UNUSED_VARIABLE = YES;
				IPHONEOS_DEPLOYMENT_TARGET = 15.0;
				LOCALIZATION_PREFERS_STRING_CATALOGS = YES;
				MTL_ENABLE_DEBUG_INFO = NO;
				MTL_FAST_MATH = YES;
				SDKROOT = iphoneos;
				SWIFT_COMPILATION_MODE = wholemodule;
				VALIDATE_PRODUCT = YES;
			};
			name = Release;
		};
		844BA79C2B9A4844008F48DB /* Debug */ = {
			isa = XCBuildConfiguration;
			baseConfigurationReference = C00000000000000000000006 /* Debug.xcconfig */;
			buildSettings = {
				ASSETCATALOG_COMPILER_APPICON_NAME = AppIcon;
				ASSETCATALOG_COMPILER_GLOBAL_ACCENT_COLOR_NAME = AccentColor;
				CODE_SIGN_ENTITLEMENTS = Console/Console.entitlements;
				CODE_SIGN_STYLE = Automatic;
				CURRENT_PROJECT_VERSION = 103;
				GENERATE_INFOPLIST_FILE = YES;
				INFOPLIST_FILE = Console/Info.plist;
				INFOPLIST_KEY_CFBundleDisplayName = "$(APP_DISPLAY_NAME)";
				INFOPLIST_KEY_UIApplicationSupportsIndirectInputEvents = YES;
				INFOPLIST_KEY_UILaunchStoryboardName = LaunchScreen;
				INFOPLIST_KEY_UISupportedInterfaceOrientations_iPad = "UIInterfaceOrientationPortrait UIInterfaceOrientationPortraitUpsideDown UIInterfaceOrientationLandscapeLeft UIInterfaceOrientationLandscapeRight";
				INFOPLIST_KEY_UISupportedInterfaceOrientations_iPhone = "UIInterfaceOrientationPortrait UIInterfaceOrientationLandscapeLeft UIInterfaceOrientationLandscapeRight";
				IPHONEOS_DEPLOYMENT_TARGET = 15.0;
				LD_RUNPATH_SEARCH_PATHS = (
					"$(inherited)",
					"@executable_path/Frameworks",
				);
				MARKETING_VERSION = 1.0.3;
				PRODUCT_NAME = "$(TARGET_NAME)";
				SWIFT_EMIT_LOC_STRINGS = YES;
				SWIFT_VERSION = 5.0;
				TARGETED_DEVICE_FAMILY = "1,2";
			};
			name = Debug;
		};
		844BA79D2B9A4844008F48DB /* Release */ = {
			isa = XCBuildConfiguration;
			baseConfigurationReference = C00000000000000000000007 /* Release.xcconfig */;
			buildSettings = {
				ASSETCATALOG_COMPILER_APPICON_NAME = AppIcon;
				ASSETCATALOG_COMPILER_GLOBAL_ACCENT_COLOR_NAME = AccentColor;
				CODE_SIGN_ENTITLEMENTS = Console/Console.entitlements;
				CODE_SIGN_STYLE = Automatic;
				CURRENT_PROJECT_VERSION = 103;
				GENERATE_INFOPLIST_FILE = YES;
				INFOPLIST_FILE = Console/Info.plist;
				INFOPLIST_KEY_CFBundleDisplayName = "$(APP_DISPLAY_NAME)";
				INFOPLIST_KEY_UIApplicationSupportsIndirectInputEvents = YES;
				INFOPLIST_KEY_UILaunchStoryboardName = LaunchScreen;
				INFOPLIST_KEY_UISupportedInterfaceOrientations_iPad = "UIInterfaceOrientationPortrait UIInterfaceOrientationPortraitUpsideDown UIInterfaceOrientationLandscapeLeft UIInterfaceOrientationLandscapeRight";
				INFOPLIST_KEY_UISupportedInterfaceOrientations_iPhone = "UIInterfaceOrientationPortrait UIInterfaceOrientationLandscapeLeft UIInterfaceOrientationLandscapeRight";
				IPHONEOS_DEPLOYMENT_TARGET = 15.0;
				LD_RUNPATH_SEARCH_PATHS = (
					"$(inherited)",
					"@executable_path/Frameworks",
				);
				MARKETING_VERSION = 1.0.3;
				PRODUCT_NAME = "$(TARGET_NAME)";
				SWIFT_EMIT_LOC_STRINGS = YES;
				SWIFT_VERSION = 5.0;
				TARGETED_DEVICE_FAMILY = "1,2";
			};
			name = Release;
		};
/* End XCBuildConfiguration section */

/* Begin XCConfigurationList section */
		844BA7822B9A4843008F48DB /* Build configuration list for PBXProject "Console" */ = {
			isa = XCConfigurationList;
			buildConfigurations = (
				844BA7992B9A4844008F48DB /* Debug */,
				844BA79A2B9A4844008F48DB /* Release */,
			);
			defaultConfigurationIsVisible = 0;
			defaultConfigurationName = Release;
		};
		844BA79B2B9A4844008F48DB /* Build configuration list for PBXNativeTarget "Console" */ = {
			isa = XCConfigurationList;
			buildConfigurations = (
				844BA79C2B9A4844008F48DB /* Debug */,
				844BA79D2B9A4844008F48DB /* Release */,
			);
			defaultConfigurationIsVisible = 0;
			defaultConfigurationName = Release;
		};
/* End XCConfigurationList section */

/* Begin XCRemoteSwiftPackageReference section */
		C0000000000000000000000A /* XCRemoteSwiftPackageReference "hotwire-native-ios" */ = {
			isa = XCRemoteSwiftPackageReference;
			repositoryURL = "https://github.com/hotwired/hotwire-native-ios.git";
			requirement = {
				kind = upToNextMajorVersion;
				minimumVersion = 1.3.0;
			};
		};
		D00000000000000000000010 /* XCRemoteSwiftPackageReference "firebase-ios-sdk" */ = {
			isa = XCRemoteSwiftPackageReference;
			repositoryURL = "https://github.com/firebase/firebase-ios-sdk.git";
			requirement = {
				kind = upToNextMajorVersion;
				minimumVersion = 12.17.0;
			};
		};
/* End XCRemoteSwiftPackageReference section */

/* Begin XCSwiftPackageProductDependency section */
		848E12202BD813CA009BB0A4 /* HotwireNative */ = {
			isa = XCSwiftPackageProductDependency;
			package = C0000000000000000000000A /* XCRemoteSwiftPackageReference "hotwire-native-ios" */;
			productName = HotwireNative;
		};
		D00000000000000000000011 /* FirebaseCore */ = {
			isa = XCSwiftPackageProductDependency;
			package = D00000000000000000000010 /* XCRemoteSwiftPackageReference "firebase-ios-sdk" */;
			productName = FirebaseCore;
		};
		D00000000000000000000012 /* FirebaseInstallations */ = {
			isa = XCSwiftPackageProductDependency;
			package = D00000000000000000000010 /* XCRemoteSwiftPackageReference "firebase-ios-sdk" */;
			productName = FirebaseInstallations;
		};
		D00000000000000000000013 /* FirebaseMessaging */ = {
			isa = XCSwiftPackageProductDependency;
			package = D00000000000000000000010 /* XCRemoteSwiftPackageReference "firebase-ios-sdk" */;
			productName = FirebaseMessaging;
		};
/* End XCSwiftPackageProductDependency section */
	};
	rootObject = 844BA77F2B9A4843008F48DB /* Project object */;
}
